// !$*UTF8*$!
{
	archiveVersion = 1;
	classes = {
	};
	objectVersion = 55;
	objects = {

/* Begin PBXBuildFile section */
		AE0BDD082CDA082C002FCBB3 /* CallCompletionDelegate.swift in Sources */ = {isa = PBXBuildFile; fileRef = AE0BDD062CDA082C002FCBB3 /* CallCompletionDelegate.swift */; };
		AE0BDD0D2CDA085D002FCBB3 /* CallQualityEventBanner.swift in Sources */ = {isa = PBXBuildFile; fileRef = AE0BDD0B2CDA085D002FCBB3 /* CallQualityEventBanner.swift */; };
		AE3FB6EA29B8AF970068C5E8 /* .swiftlint.yml in Resources */ = {isa = PBXBuildFile; fileRef = AE3FB6E929B8AF970068C5E8 /* .swiftlint.yml */; };
		AE52FEDC29B0A8B20052D62B /* SystemConfiguration.framework in Frameworks */ = {isa = PBXBuildFile; fileRef = AE52FEDB29B0A8B10052D62B /* SystemConfiguration.framework */; };
		AE5B480B2CDA0E5C0014C305 /* Main.storyboard in Resources */ = {isa = PBXBuildFile; fileRef = AE5B48092CDA0E5C0014C305 /* Main.storyboard */; };
		AEA849C529D572E400715A9E /* SinchRTC.xcframework in Embed Frameworks */ = {isa = PBXBuildFile; fileRef = AEA849C329D572E400715A9E /* SinchRTC.xcframework */; settings = {ATTRIBUTES = (CodeSignOnCopy, RemoveHeadersOnCopy, ); }; };
		AECBB36D2E72BD3700992521 /* AppCoordinator.swift in Sources */ = {isa = PBXBuildFile; fileRef = AECBB36C2E72BD3700992521 /* AppCoordinator.swift */; };
		AECBB3722E72BD7D00992521 /* AudioCallViewController.swift in Sources */ = {isa = PBXBuildFile; fileRef = AECBB36E2E72BD7D00992521 /* AudioCallViewController.swift */; };
		AECBB3732E72BD7D00992521 /* VideoCallViewController.swift in Sources */ = {isa = PBXBuildFile; fileRef = AECBB3702E72BD7D00992521 /* VideoCallViewController.swift */; };
		AECBB3742E72BD7D00992521 /* CallViewModel.swift in Sources */ = {isa = PBXBuildFile; fileRef = AECBB36F2E72BD7D00992521 /* CallViewModel.swift */; };
		AECBB3802E72BDBF00992521 /* Identifiable.swift in Sources */ = {isa = PBXBuildFile; fileRef = AECBB3792E72BDBF00992521 /* Identifiable.swift */; };
		AECBB3812E72BDBF00992521 /* Int+TimePresentation.swift in Sources */ = {isa = PBXBuildFile; fileRef = AECBB37A2E72BDBF00992521 /* Int+TimePresentation.swift */; };
		AECBB3822E72BDBF00992521 /* UIViewController+Alert.swift in Sources */ = {isa = PBXBuildFile; fileRef = AECBB37D2E72BDBF00992521 /* UIViewController+Alert.swift */; };
		AECBB3832E72BDBF00992521 /* UIButton+Configuration.swift in Sources */ = {isa = PBXBuildFile; fileRef = AECBB37C2E72BDBF00992521 /* UIButton+Configuration.swift */; };
		AECBB3842E72BDBF00992521 /* Date+String.swift in Sources */ = {isa = PBXBuildFile; fileRef = AECBB3782E72BDBF00992521 /* Date+String.swift */; };
		AECBB3852E72BDBF00992521 /* UIViewController+Presentation.swift in Sources */ = {isa = PBXBuildFile; fileRef = AECBB37E2E72BDBF00992521 /* UIViewController+Presentation.swift */; };
		AECBB3862E72BDBF00992521 /* SinchLog.swift in Sources */ = {isa = PBXBuildFile; fileRef = AECBB37B2E72BDBF00992521 /* SinchLog.swift */; };
		AECBB38A2E72BDE900992521 /* LoginViewController.swift in Sources */ = {isa = PBXBuildFile; fileRef = AECBB3872E72BDE900992521 /* LoginViewController.swift */; };
		AECBB38B2E72BDE900992521 /* LoginViewModel.swift in Sources */ = {isa = PBXBuildFile; fileRef = AECBB3882E72BDE900992521 /* LoginViewModel.swift */; };
		AECBB38F2E72BDF900992521 /* MainViewController.swift in Sources */ = {isa = PBXBuildFile; fileRef = AECBB38C2E72BDF900992521 /* MainViewController.swift */; };
		AECBB3902E72BDF900992521 /* MainViewModel.swift in Sources */ = {isa = PBXBuildFile; fileRef = AECBB38D2E72BDF900992521 /* MainViewModel.swift */; };
		AECBB3A62E72BE2500992521 /* SinchCallEnd+Reason.swift in Sources */ = {isa = PBXBuildFile; fileRef = AECBB3962E72BE2500992521 /* SinchCallEnd+Reason.swift */; };
		AECBB3A72E72BE2500992521 /* CallRegistry.swift in Sources */ = {isa = PBXBuildFile; fileRef = AECBB39F2E72BE2500992521 /* CallRegistry.swift */; };
		AECBB3A82E72BE2500992521 /* SinchClientMediator+SinchCallDelegate.swift in Sources */ = {isa = PBXBuildFile; fileRef = AECBB39B2E72BE2500992521 /* SinchClientMediator+SinchCallDelegate.swift */; };
		AECBB3A92E72BE2500992521 /* SinchClientMediator.swift in Sources */ = {isa = PBXBuildFile; fileRef = AECBB3A32E72BE2500992521 /* SinchClientMediator.swift */; };
		AECBB3AA2E72BE2500992521 /* Synchronized.swift in Sources */ = {isa = PBXBuildFile; fileRef = AECBB3A12E72BE2500992521 /* Synchronized.swift */; };
		AECBB3AB2E72BE2500992521 /* SinchClientMediator+ConversationManagerDelegate.swift in Sources */ = {isa = PBXBuildFile; fileRef = AECBB3972E72BE2500992521 /* SinchClientMediator+ConversationManagerDelegate.swift */; };
		AECBB3AC2E72BE2500992521 /* UserInfo.swift in Sources */ = {isa = PBXBuildFile; fileRef = AECBB3A42E72BE2500992521 /* UserInfo.swift */; };
		AECBB3AD2E72BE2500992521 /* SinchClientMediator+SinchAudioControllerDelegate.swift in Sources */ = {isa = PBXBuildFile; fileRef = AECBB3992E72BE2500992521 /* SinchClientMediator+SinchAudioControllerDelegate.swift */; };
		AECBB3AE2E72BE2500992521 /* SinchJWT.swift in Sources */ = {isa = PBXBuildFile; fileRef = AECBB3A02E72BE2500992521 /* SinchJWT.swift */; };
		AECBB3AF2E72BE2500992521 /* CommunicationKit.swift in Sources */ = {isa = PBXBuildFile; fileRef = AECBB3912E72BE2500992521 /* CommunicationKit.swift */; };
		AECBB3B02E72BE2500992521 /* SinchCallKitService.swift in Sources */ = {isa = PBXBuildFile; fileRef = AECBB3932E72BE2500992521 /* SinchCallKitService.swift */; };
		AECBB3B12E72BE2500992521 /* CommunicationService.swift in Sources */ = {isa = PBXBuildFile; fileRef = AECBB3922E72BE2500992521 /* CommunicationService.swift */; };
		AECBB3B22E72BE2500992521 /* SinchLiveCommunicationKitService.swift in Sources */ = {isa = PBXBuildFile; fileRef = AECBB3942E72BE2500992521 /* SinchLiveCommunicationKitService.swift */; };
		AECBB3B32E72BE2500992521 /* SinchClientMediator+SinchClientDelegate.swift in Sources */ = {isa = PBXBuildFile; fileRef = AECBB39C2E72BE2500992521 /* SinchClientMediator+SinchClientDelegate.swift */; };
		AECBB3B42E72BE2500992521 /* SinchClientMediator+SinchCallClientDelegate.swift in Sources */ = {isa = PBXBuildFile; fileRef = AECBB39A2E72BE2500992521 /* SinchClientMediator+SinchCallClientDelegate.swift */; };
		AECBB3B52E72BE2500992521 /* SinchClientMediator+CXProviderDelegate.swift in Sources */ = {isa = PBXBuildFile; fileRef = AECBB3982E72BE2500992521 /* SinchClientMediator+CXProviderDelegate.swift */; };
		AECBB3B62E72BE2500992521 /* CallError.swift in Sources */ = {isa = PBXBuildFile; fileRef = AECBB39E2E72BE2500992521 /* CallError.swift */; };
		AEE9CD6E299CD36E00F860C3 /* AppDelegate.swift in Sources */ = {isa = PBXBuildFile; fileRef = AEE9CD6D299CD36E00F860C3 /* AppDelegate.swift */; };
		AEE9CD77299CD36F00F860C3 /* Assets.xcassets in Resources */ = {isa = PBXBuildFile; fileRef = AEE9CD76299CD36F00F860C3 /* Assets.xcassets */; };
		AEE9CD7A299CD36F00F860C3 /* LaunchScreen.storyboard in Resources */ = {isa = PBXBuildFile; fileRef = AEE9CD78299CD36F00F860C3 /* LaunchScreen.storyboard */; };
		AEE9CDA3299CDD5200F860C3 /* libc++.tbd in Frameworks */ = {isa = PBXBuildFile; fileRef = AEE9CDA2299CDD3200F860C3 /* libc++.tbd */; };
		AEE9CDA5299CDE7B00F860C3 /* libz.tbd in Frameworks */ = {isa = PBXBuildFile; fileRef = AEE9CDA4299CDD5F00F860C3 /* libz.tbd */; };
		AEE9CDA7299CDE8300F860C3 /* Security.framework in Frameworks */ = {isa = PBXBuildFile; fileRef = AEE9CDA6299CDE8300F860C3 /* Security.framework */; };
		AEE9CDA9299CDE9400F860C3 /* AVFoundation.framework in Frameworks */ = {isa = PBXBuildFile; fileRef = AEE9CDA8299CDE9400F860C3 /* AVFoundation.framework */; };
		AEE9CDAB299CDEAA00F860C3 /* AudioToolbox.framework in Frameworks */ = {isa = PBXBuildFile; fileRef = AEE9CDAA299CDEAA00F860C3 /* AudioToolbox.framework */; };
		AEE9CDAD299CDFA800F860C3 /* VideoToolbox.framework in Frameworks */ = {isa = PBXBuildFile; fileRef = AEE9CDAC299CDFA800F860C3 /* VideoToolbox.framework */; };
		AEE9CDAF299CDFC900F860C3 /* CoreMedia.framework in Frameworks */ = {isa = PBXBuildFile; fileRef = AEE9CDAE299CDFC900F860C3 /* CoreMedia.framework */; };
		AEE9CDB1299CDFD800F860C3 /* CoreVideo.framework in Frameworks */ = {isa = PBXBuildFile; fileRef = AEE9CDB0299CDFD800F860C3 /* CoreVideo.framework */; };
		AEE9CDB3299CDFE100F860C3 /* CoreImage.framework in Frameworks */ = {isa = PBXBuildFile; fileRef = AEE9CDB2299CDFE000F860C3 /* CoreImage.framework */; };
		AEE9CDB5299CDFE900F860C3 /* GLKit.framework in Frameworks */ = {isa = PBXBuildFile; fileRef = AEE9CDB4299CDFE900F860C3 /* GLKit.framework */; };
		AEE9CDB7299CDFF200F860C3 /* OpenGLES.framework in Frameworks */ = {isa = PBXBuildFile; fileRef = AEE9CDB6299CDFF200F860C3 /* OpenGLES.framework */; };
		AEE9CDB9299CE00600F860C3 /* QuartzCore.framework in Frameworks */ = {isa = PBXBuildFile; fileRef = AEE9CDB8299CE00600F860C3 /* QuartzCore.framework */; };
		AEE9CDBB299CE00E00F860C3 /* Metal.framework in Frameworks */ = {isa = PBXBuildFile; fileRef = AEE9CDBA299CE00E00F860C3 /* Metal.framework */; };
		AEE9CDBD299CEF8100F860C3 /* Config.swift in Sources */ = {isa = PBXBuildFile; fileRef = AEE9CDBC299CEF8100F860C3 /* Config.swift */; };
		AEE9CDCA299E1BD100F860C3 /* incoming.wav in Resources */ = {isa = PBXBuildFile; fileRef = AEE9CDC8299E1BD100F860C3 /* incoming.wav */; };
		AEE9CDCB299E1BD100F860C3 /* ringback.wav in Resources */ = {isa = PBXBuildFile; fileRef = AEE9CDC9299E1BD100F860C3 /* ringback.wav */; };
		AEE9CDE229A3B65800F860C3 /* Ringtone.swift in Sources */ = {isa = PBXBuildFile; fileRef = AEE9CDE129A3B65800F860C3 /* Ringtone.swift */; };
/* End PBXBuildFile section */

/* Begin PBXCopyFilesBuildPhase section */
		AE6A6AC92A14BF9C00A10DDB /* Embed Frameworks */ = {
			isa = PBXCopyFilesBuildPhase;
			buildActionMask = 2147483647;
			dstPath = "";
			dstSubfolderSpec = 10;
			files = (
				AEA849C529D572E400715A9E /* SinchRTC.xcframework in Embed Frameworks */,
			);
			name = "Embed Frameworks";
			runOnlyForDeploymentPostprocessing = 0;
		};
/* End PBXCopyFilesBuildPhase section */

/* Begin PBXFileReference section */
		AE0BDD062CDA082C002FCBB3 /* CallCompletionDelegate.swift */ = {isa = PBXFileReference; lastKnownFileType = sourcecode.swift; path = CallCompletionDelegate.swift; sourceTree = "<group>"; };
		AE0BDD0B2CDA085D002FCBB3 /* CallQualityEventBanner.swift */ = {isa = PBXFileReference; lastKnownFileType = sourcecode.swift; path = CallQualityEventBanner.swift; sourceTree = "<group>"; };
		AE3FB6E929B8AF970068C5E8 /* .swiftlint.yml */ = {isa = PBXFileReference; lastKnownFileType = text.yaml; path = .swiftlint.yml; sourceTree = "<group>"; };
		AE52FEDB29B0A8B10052D62B /* SystemConfiguration.framework */ = {isa = PBXFileReference; lastKnownFileType = wrapper.framework; name = SystemConfiguration.framework; path = System/Library/Frameworks/SystemConfiguration.framework; sourceTree = SDKROOT; };
		AE5B480A2CDA0E5C0014C305 /* Base */ = {isa = PBXFileReference; lastKnownFileType = file.storyboard; name = Base; path = Base.lproj/Main.storyboard; sourceTree = "<group>"; };
		AEA849C329D572E400715A9E /* SinchRTC.xcframework */ = {isa = PBXFileReference; lastKnownFileType = wrapper.xcframework; path = SinchRTC.xcframework; sourceTree = "<group>"; };
		AECBB36C2E72BD3700992521 /* AppCoordinator.swift */ = {isa = PBXFileReference; lastKnownFileType = sourcecode.swift; path = AppCoordinator.swift; sourceTree = "<group>"; };
		AECBB36E2E72BD7D00992521 /* AudioCallViewController.swift */ = {isa = PBXFileReference; lastKnownFileType = sourcecode.swift; path = AudioCallViewController.swift; sourceTree = "<group>"; };
		AECBB36F2E72BD7D00992521 /* CallViewModel.swift */ = {isa = PBXFileReference; lastKnownFileType = sourcecode.swift; path = CallViewModel.swift; sourceTree = "<group>"; };
		AECBB3702E72BD7D00992521 /* VideoCallViewController.swift */ = {isa = PBXFileReference; lastKnownFileType = sourcecode.swift; path = VideoCallViewController.swift; sourceTree = "<group>"; };
		AECBB3782E72BDBF00992521 /* Date+String.swift */ = {isa = PBXFileReference; lastKnownFileType = sourcecode.swift; path = "Date+String.swift"; sourceTree = "<group>"; };
		AECBB3792E72BDBF00992521 /* Identifiable.swift */ = {isa = PBXFileReference; lastKnownFileType = sourcecode.swift; path = Identifiable.swift; sourceTree = "<group>"; };
		AECBB37A2E72BDBF00992521 /* Int+TimePresentation.swift */ = {isa = PBXFileReference; lastKnownFileType = sourcecode.swift; path = "Int+TimePresentation.swift"; sourceTree = "<group>"; };
		AECBB37B2E72BDBF00992521 /* SinchLog.swift */ = {isa = PBXFileReference; lastKnownFileType = sourcecode.swift; path = SinchLog.swift; sourceTree = "<group>"; };
		AECBB37C2E72BDBF00992521 /* UIButton+Configuration.swift */ = {isa = PBXFileReference; lastKnownFileType = sourcecode.swift; path = "UIButton+Configuration.swift"; sourceTree = "<group>"; };
		AECBB37D2E72BDBF00992521 /* UIViewController+Alert.swift */ = {isa = PBXFileReference; lastKnownFileType = sourcecode.swift; path = "UIViewController+Alert.swift"; sourceTree = "<group>"; };
		AECBB37E2E72BDBF00992521 /* UIViewController+Presentation.swift */ = {isa = PBXFileReference; lastKnownFileType = sourcecode.swift; path = "UIViewController+Presentation.swift"; sourceTree = "<group>"; };
		AECBB3872E72BDE900992521 /* LoginViewController.swift */ = {isa = PBXFileReference; lastKnownFileType = sourcecode.swift; path = LoginViewController.swift; sourceTree = "<group>"; };
		AECBB3882E72BDE900992521 /* LoginViewModel.swift */ = {isa = PBXFileReference; lastKnownFileType = sourcecode.swift; path = LoginViewModel.swift; sourceTree = "<group>"; };
		AECBB38C2E72BDF900992521 /* MainViewController.swift */ = {isa = PBXFileReference; lastKnownFileType = sourcecode.swift; path = MainViewController.swift; sourceTree = "<group>"; };
		AECBB38D2E72BDF900992521 /* MainViewModel.swift */ = {isa = PBXFileReference; lastKnownFileType = sourcecode.swift; path = MainViewModel.swift; sourceTree = "<group>"; };
		AECBB3912E72BE2500992521 /* CommunicationKit.swift */ = {isa = PBXFileReference; lastKnownFileType = sourcecode.swift; path = CommunicationKit.swift; sourceTree = "<group>"; };
		AECBB3922E72BE2500992521 /* CommunicationService.swift */ = {isa = PBXFileReference; lastKnownFileType = sourcecode.swift; path = CommunicationService.swift; sourceTree = "<group>"; };
		AECBB3932E72BE2500992521 /* SinchCallKitService.swift */ = {isa = PBXFileReference; lastKnownFileType = sourcecode.swift; path = SinchCallKitService.swift; sourceTree = "<group>"; };
		AECBB3942E72BE2500992521 /* SinchLiveCommunicationKitService.swift */ = {isa = PBXFileReference; lastKnownFileType = sourcecode.swift; path = SinchLiveCommunicationKitService.swift; sourceTree = "<group>"; };
		AECBB3962E72BE2500992521 /* SinchCallEnd+Reason.swift */ = {isa = PBXFileReference; lastKnownFileType = sourcecode.swift; path = "SinchCallEnd+Reason.swift"; sourceTree = "<group>"; };
		AECBB3972E72BE2500992521 /* SinchClientMediator+ConversationManagerDelegate.swift */ = {isa = PBXFileReference; lastKnownFileType = sourcecode.swift; path = "SinchClientMediator+ConversationManagerDelegate.swift"; sourceTree = "<group>"; };
		AECBB3982E72BE2500992521 /* SinchClientMediator+CXProviderDelegate.swift */ = {isa = PBXFileReference; lastKnownFileType = sourcecode.swift; path = "SinchClientMediator+CXProviderDelegate.swift"; sourceTree = "<group>"; };
		AECBB3992E72BE2500992521 /* SinchClientMediator+SinchAudioControllerDelegate.swift */ = {isa = PBXFileReference; lastKnownFileType = sourcecode.swift; path = "SinchClientMediator+SinchAudioControllerDelegate.swift"; sourceTree = "<group>"; };
		AECBB39A2E72BE2500992521 /* SinchClientMediator+SinchCallClientDelegate.swift */ = {isa = PBXFileReference; lastKnownFileType = sourcecode.swift; path = "SinchClientMediator+SinchCallClientDelegate.swift"; sourceTree = "<group>"; };
		AECBB39B2E72BE2500992521 /* SinchClientMediator+SinchCallDelegate.swift */ = {isa = PBXFileReference; lastKnownFileType = sourcecode.swift; path = "SinchClientMediator+SinchCallDelegate.swift"; sourceTree = "<group>"; };
		AECBB39C2E72BE2500992521 /* SinchClientMediator+SinchClientDelegate.swift */ = {isa = PBXFileReference; lastKnownFileType = sourcecode.swift; path = "SinchClientMediator+SinchClientDelegate.swift"; sourceTree = "<group>"; };
		AECBB39E2E72BE2500992521 /* CallError.swift */ = {isa = PBXFileReference; lastKnownFileType = sourcecode.swift; path = CallError.swift; sourceTree = "<group>"; };
		AECBB39F2E72BE2500992521 /* CallRegistry.swift */ = {isa = PBXFileReference; lastKnownFileType = sourcecode.swift; path = CallRegistry.swift; sourceTree = "<group>"; };
		AECBB3A02E72BE2500992521 /* SinchJWT.swift */ = {isa = PBXFileReference; lastKnownFileType = sourcecode.swift; path = SinchJWT.swift; sourceTree = "<group>"; };
		AECBB3A12E72BE2500992521 /* Synchronized.swift */ = {isa = PBXFileReference; lastKnownFileType = sourcecode.swift; path = Synchronized.swift; sourceTree = "<group>"; };
		AECBB3A32E72BE2500992521 /* SinchClientMediator.swift */ = {isa = PBXFileReference; lastKnownFileType = sourcecode.swift; path = SinchClientMediator.swift; sourceTree = "<group>"; };
		AECBB3A42E72BE2500992521 /* UserInfo.swift */ = {isa = PBXFileReference; lastKnownFileType = sourcecode.swift; path = UserInfo.swift; sourceTree = "<group>"; };
		AEE9CD6A299CD36E00F860C3 /* SinchReferenceApp.app */ = {isa = PBXFileReference; explicitFileType = wrapper.application; includeInIndex = 0; path = SinchReferenceApp.app; sourceTree = BUILT_PRODUCTS_DIR; };
		AEE9CD6D299CD36E00F860C3 /* AppDelegate.swift */ = {isa = PBXFileReference; lastKnownFileType = sourcecode.swift; path = AppDelegate.swift; sourceTree = "<group>"; };
		AEE9CD76299CD36F00F860C3 /* Assets.xcassets */ = {isa = PBXFileReference; lastKnownFileType = folder.assetcatalog; path = Assets.xcassets; sourceTree = "<group>"; };
		AEE9CD79299CD36F00F860C3 /* Base */ = {isa = PBXFileReference; lastKnownFileType = file.storyboard; name = Base; path = Base.lproj/LaunchScreen.storyboard; sourceTree = "<group>"; };
		AEE9CD7B299CD36F00F860C3 /* Info.plist */ = {isa = PBXFileReference; lastKnownFileType = text.plist.xml; path = Info.plist; sourceTree = "<group>"; };
		AEE9CDA2299CDD3200F860C3 /* libc++.tbd */ = {isa = PBXFileReference; lastKnownFileType = "sourcecode.text-based-dylib-definition"; name = "libc++.tbd"; path = "usr/lib/libc++.tbd"; sourceTree = SDKROOT; };
		AEE9CDA4299CDD5F00F860C3 /* libz.tbd */ = {isa = PBXFileReference; lastKnownFileType = "sourcecode.text-based-dylib-definition"; name = libz.tbd; path = usr/lib/libz.tbd; sourceTree = SDKROOT; };
		AEE9CDA6299CDE8300F860C3 /* Security.framework */ = {isa = PBXFileReference; lastKnownFileType = wrapper.framework; name = Security.framework; path = System/Library/Frameworks/Security.framework; sourceTree = SDKROOT; };
		AEE9CDA8299CDE9400F860C3 /* AVFoundation.framework */ = {isa = PBXFileReference; lastKnownFileType = wrapper.framework; name = AVFoundation.framework; path = System/Library/Frameworks/AVFoundation.framework; sourceTree = SDKROOT; };
		AEE9CDAA299CDEAA00F860C3 /* AudioToolbox.framework */ = {isa = PBXFileReference; lastKnownFileType = wrapper.framework; name = AudioToolbox.framework; path = System/Library/Frameworks/AudioToolbox.framework; sourceTree = SDKROOT; };
		AEE9CDAC299CDFA800F860C3 /* VideoToolbox.framework */ = {isa = PBXFileReference; lastKnownFileType = wrapper.framework; name = VideoToolbox.framework; path = System/Library/Frameworks/VideoToolbox.framework; sourceTree = SDKROOT; };
		AEE9CDAE299CDFC900F860C3 /* CoreMedia.framework */ = {isa = PBXFileReference; lastKnownFileType = wrapper.framework; name = CoreMedia.framework; path = System/Library/Frameworks/CoreMedia.framework; sourceTree = SDKROOT; };
		AEE9CDB0299CDFD800F860C3 /* CoreVideo.framework */ = {isa = PBXFileReference; lastKnownFileType = wrapper.framework; name = CoreVideo.framework; path = System/Library/Frameworks/CoreVideo.framework; sourceTree = SDKROOT; };
		AEE9CDB2299CDFE000F860C3 /* CoreImage.framework */ = {isa = PBXFileReference; lastKnownFileType = wrapper.framework; name = CoreImage.framework; path = System/Library/Frameworks/CoreImage.framework; sourceTree = SDKROOT; };
		AEE9CDB4299CDFE900F860C3 /* GLKit.framework */ = {isa = PBXFileReference; lastKnownFileType = wrapper.framework; name = GLKit.framework; path = System/Library/Frameworks/GLKit.framework; sourceTree = SDKROOT; };
		AEE9CDB6299CDFF200F860C3 /* OpenGLES.framework */ = {isa = PBXFileReference; lastKnownFileType = wrapper.framework; name = OpenGLES.framework; path = System/Library/Frameworks/OpenGLES.framework; sourceTree = SDKROOT; };
		AEE9CDB8299CE00600F860C3 /* QuartzCore.framework */ = {isa = PBXFileReference; lastKnownFileType = wrapper.framework; name = QuartzCore.framework; path = System/Library/Frameworks/QuartzCore.framework; sourceTree = SDKROOT; };
		AEE9CDBA299CE00E00F860C3 /* Metal.framework */ = {isa = PBXFileReference; lastKnownFileType = wrapper.framework; name = Metal.framework; path = System/Library/Frameworks/Metal.framework; sourceTree = SDKROOT; };
		AEE9CDBC299CEF8100F860C3 /* Config.swift */ = {isa = PBXFileReference; lastKnownFileType = sourcecode.swift; path = Config.swift; sourceTree = "<group>"; };
		AEE9CDC8299E1BD100F860C3 /* incoming.wav */ = {isa = PBXFileReference; lastKnownFileType = audio.wav; path = incoming.wav; sourceTree = "<group>"; };
		AEE9CDC9299E1BD100F860C3 /* ringback.wav */ = {isa = PBXFileReference; lastKnownFileType = audio.wav; path = ringback.wav; sourceTree = "<group>"; };
		AEE9CDCF299E1CAB00F860C3 /* development.entitlements */ = {isa = PBXFileReference; lastKnownFileType = text.plist.entitlements; path = development.entitlements; sourceTree = "<group>"; };
		AEE9CDE129A3B65800F860C3 /* Ringtone.swift */ = {isa = PBXFileReference; lastKnownFileType = sourcecode.swift; path = Ringtone.swift; sourceTree = "<group>"; };
/* End PBXFileReference section */

/* Begin PBXFrameworksBuildPhase section */
		AEE9CD67299CD36E00F860C3 /* Frameworks */ = {
			isa = PBXFrameworksBuildPhase;
			buildActionMask = 2147483647;
			files = (
				AEE9CDAF299CDFC900F860C3 /* CoreMedia.framework in Frameworks */,
				AE52FEDC29B0A8B20052D62B /* SystemConfiguration.framework in Frameworks */,
				AEE9CDB9299CE00600F860C3 /* QuartzCore.framework in Frameworks */,
				AEE9CDBB299CE00E00F860C3 /* Metal.framework in Frameworks */,
				AEE9CDA3299CDD5200F860C3 /* libc++.tbd in Frameworks */,
				AEE9CDAD299CDFA800F860C3 /* VideoToolbox.framework in Frameworks */,
				AEE9CDB5299CDFE900F860C3 /* GLKit.framework in Frameworks */,
				AEE9CDA5299CDE7B00F860C3 /* libz.tbd in Frameworks */,
				AEE9CDA9299CDE9400F860C3 /* AVFoundation.framework in Frameworks */,
				AEE9CDB1299CDFD800F860C3 /* CoreVideo.framework in Frameworks */,
				AEE9CDA7299CDE8300F860C3 /* Security.framework in Frameworks */,
				AEE9CDB3299CDFE100F860C3 /* CoreImage.framework in Frameworks */,
				AEE9CDAB299CDEAA00F860C3 /* AudioToolbox.framework in Frameworks */,
				AEE9CDB7299CDFF200F860C3 /* OpenGLES.framework in Frameworks */,
			);
			runOnlyForDeploymentPostprocessing = 0;
		};
/* End PBXFrameworksBuildPhase section */

/* Begin PBXGroup section */
		AE0BDD072CDA082C002FCBB3 /* Delegates */ = {
			isa = PBXGroup;
			children = (
				AE0BDD062CDA082C002FCBB3 /* CallCompletionDelegate.swift */,
			);
			path = Delegates;
			sourceTree = "<group>";
		};
		AE0BDD0C2CDA085D002FCBB3 /* Views */ = {
			isa = PBXGroup;
			children = (
				AE0BDD0B2CDA085D002FCBB3 /* CallQualityEventBanner.swift */,
			);
			path = Views;
			sourceTree = "<group>";
		};
		AECBB3712E72BD7D00992521 /* Call */ = {
			isa = PBXGroup;
			children = (
				AECBB36E2E72BD7D00992521 /* AudioCallViewController.swift */,
				AECBB36F2E72BD7D00992521 /* CallViewModel.swift */,
				AECBB3702E72BD7D00992521 /* VideoCallViewController.swift */,
			);
			path = Call;
			sourceTree = "<group>";
		};
		AECBB37F2E72BDBF00992521 /* Extensions */ = {
			isa = PBXGroup;
			children = (
				AECBB3782E72BDBF00992521 /* Date+String.swift */,
				AECBB3792E72BDBF00992521 /* Identifiable.swift */,
				AECBB37A2E72BDBF00992521 /* Int+TimePresentation.swift */,
				AECBB37B2E72BDBF00992521 /* SinchLog.swift */,
				AECBB37C2E72BDBF00992521 /* UIButton+Configuration.swift */,
				AECBB37D2E72BDBF00992521 /* UIViewController+Alert.swift */,
				AECBB37E2E72BDBF00992521 /* UIViewController+Presentation.swift */,
			);
			path = Extensions;
			sourceTree = "<group>";
		};
		AECBB3892E72BDE900992521 /* Login */ = {
			isa = PBXGroup;
			children = (
				AECBB3872E72BDE900992521 /* LoginViewController.swift */,
				AECBB3882E72BDE900992521 /* LoginViewModel.swift */,
			);
			path = Login;
			sourceTree = "<group>";
		};
		AECBB38E2E72BDF900992521 /* Main */ = {
			isa = PBXGroup;
			children = (
				AECBB38C2E72BDF900992521 /* MainViewController.swift */,
				AECBB38D2E72BDF900992521 /* MainViewModel.swift */,
			);
			path = Main;
			sourceTree = "<group>";
		};
		AECBB3952E72BE2500992521 /* Communication */ = {
			isa = PBXGroup;
			children = (
				AECBB3912E72BE2500992521 /* CommunicationKit.swift */,
				AECBB3922E72BE2500992521 /* CommunicationService.swift */,
				AECBB3932E72BE2500992521 /* SinchCallKitService.swift */,
				AECBB3942E72BE2500992521 /* SinchLiveCommunicationKitService.swift */,
			);
			path = Communication;
			sourceTree = "<group>";
		};
		AECBB39D2E72BE2500992521 /* Extensions */ = {
			isa = PBXGroup;
			children = (
				AECBB3962E72BE2500992521 /* SinchCallEnd+Reason.swift */,
				AECBB3972E72BE2500992521 /* SinchClientMediator+ConversationManagerDelegate.swift */,
				AECBB3982E72BE2500992521 /* SinchClientMediator+CXProviderDelegate.swift */,
				AECBB3992E72BE2500992521 /* SinchClientMediator+SinchAudioControllerDelegate.swift */,
				AECBB39A2E72BE2500992521 /* SinchClientMediator+SinchCallClientDelegate.swift */,
				AECBB39B2E72BE2500992521 /* SinchClientMediator+SinchCallDelegate.swift */,
				AECBB39C2E72BE2500992521 /* SinchClientMediator+SinchClientDelegate.swift */,
			);
			path = Extensions;
			sourceTree = "<group>";
		};
		AECBB3A22E72BE2500992521 /* Support */ = {
			isa = PBXGroup;
			children = (
				AECBB39E2E72BE2500992521 /* CallError.swift */,
				AECBB39F2E72BE2500992521 /* CallRegistry.swift */,
				AECBB3A02E72BE2500992521 /* SinchJWT.swift */,
				AECBB3A12E72BE2500992521 /* Synchronized.swift */,
			);
			path = Support;
			sourceTree = "<group>";
		};
		AECBB3A52E72BE2500992521 /* SinchClientMediator */ = {
			isa = PBXGroup;
			children = (
				AECBB3952E72BE2500992521 /* Communication */,
				AECBB39D2E72BE2500992521 /* Extensions */,
				AECBB3A22E72BE2500992521 /* Support */,
				AECBB3A32E72BE2500992521 /* SinchClientMediator.swift */,
				AECBB3A42E72BE2500992521 /* UserInfo.swift */,
			);
			path = SinchClientMediator;
			sourceTree = "<group>";
		};
		AEE9CD61299CD36E00F860C3 = {
			isa = PBXGroup;
			children = (
				AEE9CD6C299CD36E00F860C3 /* SinchReferenceApp */,
				AEE9CD6B299CD36E00F860C3 /* Products */,
				AEE9CD9D299CDBF700F860C3 /* Frameworks */,
			);
			sourceTree = "<group>";
		};
		AEE9CD6B299CD36E00F860C3 /* Products */ = {
			isa = PBXGroup;
			children = (
				AEE9CD6A299CD36E00F860C3 /* SinchReferenceApp.app */,
			);
			name = Products;
			sourceTree = "<group>";
		};
		AEE9CD6C299CD36E00F860C3 /* SinchReferenceApp */ = {
			isa = PBXGroup;
			children = (
				AECBB37F2E72BDBF00992521 /* Extensions */,
				AE0BDD072CDA082C002FCBB3 /* Delegates */,
				AE0BDD0C2CDA085D002FCBB3 /* Views */,
				AECBB3A52E72BE2500992521 /* SinchClientMediator */,
				AECBB3892E72BDE900992521 /* Login */,
				AECBB38E2E72BDF900992521 /* Main */,
				AECBB3712E72BD7D00992521 /* Call */,
				AECBB36C2E72BD3700992521 /* AppCoordinator.swift */,
				AEE9CDBC299CEF8100F860C3 /* Config.swift */,
				AEE9CDE129A3B65800F860C3 /* Ringtone.swift */,
				AEE9CD6D299CD36E00F860C3 /* AppDelegate.swift */,
				AE5B48092CDA0E5C0014C305 /* Main.storyboard */,
				AEE9CD7B299CD36F00F860C3 /* Info.plist */,
				AEE9CD76299CD36F00F860C3 /* Assets.xcassets */,
				AEE9CD78299CD36F00F860C3 /* LaunchScreen.storyboard */,
				AEE9CDBF299E196300F860C3 /* Resources */,
				AEE9CDCF299E1CAB00F860C3 /* development.entitlements */,
				AE3FB6E929B8AF970068C5E8 /* .swiftlint.yml */,
			);
			path = SinchReferenceApp;
			sourceTree = "<group>";
		};
		AEE9CD9D299CDBF700F860C3 /* Frameworks */ = {
			isa = PBXGroup;
			children = (
				AEA849C329D572E400715A9E /* SinchRTC.xcframework */,
				AE52FEDB29B0A8B10052D62B /* SystemConfiguration.framework */,
				AEE9CDBA299CE00E00F860C3 /* Metal.framework */,
				AEE9CDB8299CE00600F860C3 /* QuartzCore.framework */,
				AEE9CDB6299CDFF200F860C3 /* OpenGLES.framework */,
				AEE9CDB4299CDFE900F860C3 /* GLKit.framework */,
				AEE9CDB2299CDFE000F860C3 /* CoreImage.framework */,
				AEE9CDB0299CDFD800F860C3 /* CoreVideo.framework */,
				AEE9CDAE299CDFC900F860C3 /* CoreMedia.framework */,
				AEE9CDAC299CDFA800F860C3 /* VideoToolbox.framework */,
				AEE9CDAA299CDEAA00F860C3 /* AudioToolbox.framework */,
				AEE9CDA8299CDE9400F860C3 /* AVFoundation.framework */,
				AEE9CDA6299CDE8300F860C3 /* Security.framework */,
				AEE9CDA4299CDD5F00F860C3 /* libz.tbd */,
				AEE9CDA2299CDD3200F860C3 /* libc++.tbd */,
			);
			name = Frameworks;
			sourceTree = "<group>";
		};
		AEE9CDBF299E196300F860C3 /* Resources */ = {
			isa = PBXGroup;
			children = (
				AEE9CDC8299E1BD100F860C3 /* incoming.wav */,
				AEE9CDC9299E1BD100F860C3 /* ringback.wav */,
			);
			path = Resources;
			sourceTree = "<group>";
		};
/* End PBXGroup section */

/* Begin PBXNativeTarget section */
		AEE9CD69299CD36E00F860C3 /* SinchReferenceApp */ = {
			isa = PBXNativeTarget;
			buildConfigurationList = AEE9CD94299CD36F00F860C3 /* Build configuration list for PBXNativeTarget "SinchReferenceApp" */;
			buildPhases = (
				AEE9CD66299CD36E00F860C3 /* Sources */,
				AEE9CD67299CD36E00F860C3 /* Frameworks */,
				AEE9CD68299CD36E00F860C3 /* Resources */,
				AE6A6AC92A14BF9C00A10DDB /* Embed Frameworks */,
				AEACFE082A1F408D007A5870 /* ShellScript */,
			);
			buildRules = (
			);
			dependencies = (
			);
			name = SinchReferenceApp;
			productName = "rtc-vvc-reference-application";
			productReference = AEE9CD6A299CD36E00F860C3 /* SinchReferenceApp.app */;
			productType = "com.apple.product-type.application";
		};
/* End PBXNativeTarget section */

/* Begin PBXProject section */
		AEE9CD62299CD36E00F860C3 /* Project object */ = {
			isa = PBXProject;
			attributes = {
				BuildIndependentTargetsInParallel = 1;
				LastSwiftUpdateCheck = 1420;
				LastUpgradeCheck = 1420;
				TargetAttributes = {
					AEE9CD69299CD36E00F860C3 = {
						CreatedOnToolsVersion = 14.2;
					};
				};
			};
			buildConfigurationList = AEE9CD65299CD36E00F860C3 /* Build configuration list for PBXProject "SinchReferenceApp" */;
			compatibilityVersion = "Xcode 13.0";
			developmentRegion = en;
			hasScannedForEncodings = 0;
			knownRegions = (
				en,
				Base,
			);
			mainGroup = AEE9CD61299CD36E00F860C3;
			productRefGroup = AEE9CD6B299CD36E00F860C3 /* Products */;
			projectDirPath = "";
			projectRoot = "";
			targets = (
				AEE9CD69299CD36E00F860C3 /* SinchReferenceApp */,
			);
		};
/* End PBXProject section */

/* Begin PBXResourcesBuildPhase section */
		AEE9CD68299CD36E00F860C3 /* Resources */ = {
			isa = PBXResourcesBuildPhase;
			buildActionMask = 2147483647;
			files = (
				AE3FB6EA29B8AF970068C5E8 /* .swiftlint.yml in Resources */,
				AEE9CDCA299E1BD100F860C3 /* incoming.wav in Resources */,
				AEE9CD7A299CD36F00F860C3 /* LaunchScreen.storyboard in Resources */,
				AE5B480B2CDA0E5C0014C305 /* Main.storyboard in Resources */,
				AEE9CDCB299E1BD100F860C3 /* ringback.wav in Resources */,
				AEE9CD77299CD36F00F860C3 /* Assets.xcassets in Resources */,
			);
			runOnlyForDeploymentPostprocessing = 0;
		};
/* End PBXResourcesBuildPhase section */

/* Begin PBXShellScriptBuildPhase section */
		AEACFE082A1F408D007A5870 /* ShellScript */ = {
			isa = PBXShellScriptBuildPhase;
			alwaysOutOfDate = 1;
			buildActionMask = 2147483647;
			files = (
			);
			inputFileListPaths = (
			);
			inputPaths = (
			);
			outputFileListPaths = (
			);
			outputPaths = (
			);
			runOnlyForDeploymentPostprocessing = 0;
			shellPath = /bin/sh;
			shellScript = "\"$SRCROOT/swiftlint_if_available.sh\"\n";
		};
/* End PBXShellScriptBuildPhase section */

/* Begin PBXSourcesBuildPhase section */
		AEE9CD66299CD36E00F860C3 /* Sources */ = {
			isa = PBXSourcesBuildPhase;
			buildActionMask = 2147483647;
			files = (
				AECBB36D2E72BD3700992521 /* AppCoordinator.swift in Sources */,
				AEE9CDE229A3B65800F860C3 /* Ringtone.swift in Sources */,
				AECBB3802E72BDBF00992521 /* Identifiable.swift in Sources */,
				AECBB38A2E72BDE900992521 /* LoginViewController.swift in Sources */,
				AECBB3A62E72BE2500992521 /* SinchCallEnd+Reason.swift in Sources */,
				AECBB3A72E72BE2500992521 /* CallRegistry.swift in Sources */,
				AECBB3A82E72BE2500992521 /* SinchClientMediator+SinchCallDelegate.swift in Sources */,
				AECBB3A92E72BE2500992521 /* SinchClientMediator.swift in Sources */,
				AECBB3AA2E72BE2500992521 /* Synchronized.swift in Sources */,
				AECBB3AB2E72BE2500992521 /* SinchClientMediator+ConversationManagerDelegate.swift in Sources */,
				AECBB3AC2E72BE2500992521 /* UserInfo.swift in Sources */,
				AECBB3AD2E72BE2500992521 /* SinchClientMediator+SinchAudioControllerDelegate.swift in Sources */,
				AECBB3AE2E72BE2500992521 /* SinchJWT.swift in Sources */,
				AECBB3AF2E72BE2500992521 /* CommunicationKit.swift in Sources */,
				AECBB3B02E72BE2500992521 /* SinchCallKitService.swift in Sources */,
				AECBB3B12E72BE2500992521 /* CommunicationService.swift in Sources */,
				AECBB3B22E72BE2500992521 /* SinchLiveCommunicationKitService.swift in Sources */,
				AECBB3B32E72BE2500992521 /* SinchClientMediator+SinchClientDelegate.swift in Sources */,
				AECBB3B42E72BE2500992521 /* SinchClientMediator+SinchCallClientDelegate.swift in Sources */,
				AECBB3B52E72BE2500992521 /* SinchClientMediator+CXProviderDelegate.swift in Sources */,
				AECBB3B62E72BE2500992521 /* CallError.swift in Sources */,
				AECBB38B2E72BDE900992521 /* LoginViewModel.swift in Sources */,
				AECBB3812E72BDBF00992521 /* Int+TimePresentation.swift in Sources */,
				AECBB3822E72BDBF00992521 /* UIViewController+Alert.swift in Sources */,
				AECBB3832E72BDBF00992521 /* UIButton+Configuration.swift in Sources */,
				AECBB3842E72BDBF00992521 /* Date+String.swift in Sources */,
				AECBB3852E72BDBF00992521 /* UIViewController+Presentation.swift in Sources */,
				AECBB3862E72BDBF00992521 /* SinchLog.swift in Sources */,
				AECBB38F2E72BDF900992521 /* MainViewController.swift in Sources */,
				AECBB3902E72BDF900992521 /* MainViewModel.swift in Sources */,
				AE0BDD082CDA082C002FCBB3 /* CallCompletionDelegate.swift in Sources */,
				AE0BDD0D2CDA085D002FCBB3 /* CallQualityEventBanner.swift in Sources */,
				AEE9CD6E299CD36E00F860C3 /* AppDelegate.swift in Sources */,
				AEE9CDBD299CEF8100F860C3 /* Config.swift in Sources */,
				AECBB3722E72BD7D00992521 /* AudioCallViewController.swift in Sources */,
				AECBB3732E72BD7D00992521 /* VideoCallViewController.swift in Sources */,
				AECBB3742E72BD7D00992521 /* CallViewModel.swift in Sources */,
			);
			runOnlyForDeploymentPostprocessing = 0;
		};
/* End PBXSourcesBuildPhase section */

/* Begin PBXVariantGroup section */
		AE5B48092CDA0E5C0014C305 /* Main.storyboard */ = {
			isa = PBXVariantGroup;
			children = (
				AE5B480A2CDA0E5C0014C305 /* Base */,
			);
			name = Main.storyboard;
			sourceTree = "<group>";
		};
		AEE9CD78299CD36F00F860C3 /* LaunchScreen.storyboard */ = {
			isa = PBXVariantGroup;
			children = (
				AEE9CD79299CD36F00F860C3 /* Base */,
			);
			name = LaunchScreen.storyboard;
			sourceTree = "<group>";
		};
/* End PBXVariantGroup section */

/* Begin XCBuildConfiguration section */
		AEE9CD92299CD36F00F860C3 /* Debug */ = {
			isa = XCBuildConfiguration;
			buildSettings = {
				ALWAYS_SEARCH_USER_PATHS = NO;
				CLANG_ANALYZER_NONNULL = YES;
				CLANG_ANALYZER_NUMBER_OBJECT_CONVERSION = YES_AGGRESSIVE;
				CLANG_CXX_LANGUAGE_STANDARD = "gnu++20";
				CLANG_ENABLE_MODULES = YES;
				CLANG_ENABLE_OBJC_ARC = YES;
				CLANG_ENABLE_OBJC_WEAK = YES;
				CLANG_WARN_BLOCK_CAPTURE_AUTORELEASING = YES;
				CLANG_WARN_BOOL_CONVERSION = YES;
				CLANG_WARN_COMMA = YES;
				CLANG_WARN_CONSTANT_CONVERSION = YES;
				CLANG_WARN_DEPRECATED_OBJC_IMPLEMENTATIONS = YES;
				CLANG_WARN_DIRECT_OBJC_ISA_USAGE = YES_ERROR;
				CLANG_WARN_DOCUMENTATION_COMMENTS = YES;
				CLANG_WARN_EMPTY_BODY = YES;
				CLANG_WARN_ENUM_CONVERSION = YES;
				CLANG_WARN_INFINITE_RECURSION = YES;
				CLANG_WARN_INT_CONVERSION = YES;
				CLANG_WARN_NON_LITERAL_NULL_CONVERSION = YES;
				CLANG_WARN_OBJC_IMPLICIT_RETAIN_SELF = YES;
				CLANG_WARN_OBJC_LITERAL_CONVERSION = YES;
				CLANG_WARN_OBJC_ROOT_CLASS = YES_ERROR;
				CLANG_WARN_QUOTED_INCLUDE_IN_FRAMEWORK_HEADER = YES;
				CLANG_WARN_RANGE_LOOP_ANALYSIS = YES;
				CLANG_WARN_STRICT_PROTOTYPES = YES;
				CLANG_WARN_SUSPICIOUS_MOVE = YES;
				CLANG_WARN_UNGUARDED_AVAILABILITY = YES_AGGRESSIVE;
				CLANG_WARN_UNREACHABLE_CODE = YES;
				CLANG_WARN__DUPLICATE_METHOD_MATCH = YES;
				COPY_PHASE_STRIP = NO;
				DEBUG_INFORMATION_FORMAT = dwarf;
				ENABLE_STRICT_OBJC_MSGSEND = YES;
				ENABLE_TESTABILITY = YES;
				GCC_C_LANGUAGE_STANDARD = gnu11;
				GCC_DYNAMIC_NO_PIC = NO;
				GCC_NO_COMMON_BLOCKS = YES;
				GCC_OPTIMIZATION_LEVEL = 0;
				GCC_PREPROCESSOR_DEFINITIONS = (
					"DEBUG=1",
					"$(inherited)",
				);
				GCC_WARN_64_TO_32_BIT_CONVERSION = YES;
				GCC_WARN_ABOUT_RETURN_TYPE = YES_ERROR;
				GCC_WARN_UNDECLARED_SELECTOR = YES;
				GCC_WARN_UNINITIALIZED_AUTOS = YES_AGGRESSIVE;
				GCC_WARN_UNUSED_FUNCTION = YES;
				GCC_WARN_UNUSED_VARIABLE = YES;
				INFOPLIST_FILE = "";
				IPHONEOS_DEPLOYMENT_TARGET = 13.0;
				MTL_ENABLE_DEBUG_INFO = INCLUDE_SOURCE;
				MTL_FAST_MATH = YES;
				ONLY_ACTIVE_ARCH = YES;
				SDKROOT = iphoneos;
				SWIFT_ACTIVE_COMPILATION_CONDITIONS = DEBUG;
				SWIFT_OPTIMIZATION_LEVEL = "-Onone";
			};
			name = Debug;
		};
		AEE9CD93299CD36F00F860C3 /* Release */ = {
			isa = XCBuildConfiguration;
			buildSettings = {
				ALWAYS_SEARCH_USER_PATHS = NO;
				CLANG_ANALYZER_NONNULL = YES;
				CLANG_ANALYZER_NUMBER_OBJECT_CONVERSION = YES_AGGRESSIVE;
				CLANG_CXX_LANGUAGE_STANDARD = "gnu++20";
				CLANG_ENABLE_MODULES = YES;
				CLANG_ENABLE_OBJC_ARC = YES;
				CLANG_ENABLE_OBJC_WEAK = YES;
				CLANG_WARN_BLOCK_CAPTURE_AUTORELEASING = YES;
				CLANG_WARN_BOOL_CONVERSION = YES;
				CLANG_WARN_COMMA = YES;
				CLANG_WARN_CONSTANT_CONVERSION = YES;
				CLANG_WARN_DEPRECATED_OBJC_IMPLEMENTATIONS = YES;
				CLANG_WARN_DIRECT_OBJC_ISA_USAGE = YES_ERROR;
				CLANG_WARN_DOCUMENTATION_COMMENTS = YES;
				CLANG_WARN_EMPTY_BODY = YES;
				CLANG_WARN_ENUM_CONVERSION = YES;
				CLANG_WARN_INFINITE_RECURSION = YES;
				CLANG_WARN_INT_CONVERSION = YES;
				CLANG_WARN_NON_LITERAL_NULL_CONVERSION = YES;
				CLANG_WARN_OBJC_IMPLICIT_RETAIN_SELF = YES;
				CLANG_WARN_OBJC_LITERAL_CONVERSION = YES;
				CLANG_WARN_OBJC_ROOT_CLASS = YES_ERROR;
				CLANG_WARN_QUOTED_INCLUDE_IN_FRAMEWORK_HEADER = YES;
				CLANG_WARN_RANGE_LOOP_ANALYSIS = YES;
				CLANG_WARN_STRICT_PROTOTYPES = YES;
				CLANG_WARN_SUSPICIOUS_MOVE = YES;
				CLANG_WARN_UNGUARDED_AVAILABILITY = YES_AGGRESSIVE;
				CLANG_WARN_UNREACHABLE_CODE = YES;
				CLANG_WARN__DUPLICATE_METHOD_MATCH = YES;
				COPY_PHASE_STRIP = NO;
				DEBUG_INFORMATION_FORMAT = "dwarf-with-dsym";
				ENABLE_NS_ASSERTIONS = NO;
				ENABLE_STRICT_OBJC_MSGSEND = YES;
				GCC_C_LANGUAGE_STANDARD = gnu11;
				GCC_NO_COMMON_BLOCKS = YES;
				GCC_WARN_64_TO_32_BIT_CONVERSION = YES;
				GCC_WARN_ABOUT_RETURN_TYPE = YES_ERROR;
				GCC_WARN_UNDECLARED_SELECTOR = YES;
				GCC_WARN_UNINITIALIZED_AUTOS = YES_AGGRESSIVE;
				GCC_WARN_UNUSED_FUNCTION = YES;
				GCC_WARN_UNUSED_VARIABLE = YES;
				INFOPLIST_FILE = "";
				IPHONEOS_DEPLOYMENT_TARGET = 13.0;
				MTL_ENABLE_DEBUG_INFO = NO;
				MTL_FAST_MATH = YES;
				SDKROOT = iphoneos;
				SWIFT_COMPILATION_MODE = wholemodule;
				SWIFT_OPTIMIZATION_LEVEL = "-O";
				VALIDATE_PRODUCT = YES;
			};
			name = Release;
		};
		AEE9CD95299CD36F00F860C3 /* Debug */ = {
			isa = XCBuildConfiguration;
			buildSettings = {
				ASSETCATALOG_COMPILER_APPICON_NAME = AppIcon;
				ASSETCATALOG_COMPILER_GLOBAL_ACCENT_COLOR_NAME = AccentColor;
				CODE_SIGN_ENTITLEMENTS = SinchReferenceApp/development.entitlements;
				CODE_SIGN_IDENTITY = "Apple Development";
				CODE_SIGN_STYLE = Automatic;
				CURRENT_PROJECT_VERSION = 1;
				DEVELOPMENT_TEAM = 589CW2BWK2;
				ENABLE_BITCODE = NO;
				GENERATE_INFOPLIST_FILE = YES;
				INFOPLIST_FILE = SinchReferenceApp/Info.plist;
				INFOPLIST_KEY_CFBundleDisplayName = SinchReferenceApp;
				INFOPLIST_KEY_LSApplicationCategoryType = "public.app-category.social-networking";
				INFOPLIST_KEY_NSCameraUsageDescription = "Sinch Reference Application wants to use your camera to be able to make a video call.";
				INFOPLIST_KEY_NSMicrophoneUsageDescription = "Sinch Reference Application wants to use your microphone to be able to capture your voice in a call.";
				INFOPLIST_KEY_UIApplicationSupportsIndirectInputEvents = YES;
				INFOPLIST_KEY_UILaunchStoryboardName = LaunchScreen;
				INFOPLIST_KEY_UIMainStoryboardFile = Main;
				INFOPLIST_KEY_UISupportedInterfaceOrientations = UIInterfaceOrientationPortrait;
				INFOPLIST_KEY_UISupportedInterfaceOrientations_iPad = "UIInterfaceOrientationLandscapeLeft UIInterfaceOrientationLandscapeRight UIInterfaceOrientationPortrait UIInterfaceOrientationPortraitUpsideDown";
				INFOPLIST_KEY_UIUserInterfaceStyle = Light;
				IPHONEOS_DEPLOYMENT_TARGET = 13.0;
				LD_RUNPATH_SEARCH_PATHS = (
					"$(inherited)",
					"@executable_path/Frameworks",
				);
				MARKETING_VERSION = 1.0;
				PRODUCT_BUNDLE_IDENTIFIER = com.sinch.rtc.SinchCallKit;
				PRODUCT_NAME = "$(TARGET_NAME)";
				PROVISIONING_PROFILE_SPECIFIER = "";
				SUPPORTED_PLATFORMS = "iphoneos iphonesimulator";
				SUPPORTS_MACCATALYST = NO;
				SUPPORTS_MAC_DESIGNED_FOR_IPHONE_IPAD = NO;
				SWIFT_EMIT_LOC_STRINGS = YES;
				SWIFT_VERSION = 5.0;
				TARGETED_DEVICE_FAMILY = 1;
			};
			name = Debug;
		};
		AEE9CD96299CD36F00F860C3 /* Release */ = {
			isa = XCBuildConfiguration;
			buildSettings = {
				ASSETCATALOG_COMPILER_APPICON_NAME = AppIcon;
				ASSETCATALOG_COMPILER_GLOBAL_ACCENT_COLOR_NAME = AccentColor;
				CODE_SIGN_ENTITLEMENTS = SinchReferenceApp/development.entitlements;
				CODE_SIGN_IDENTITY = "Apple Development";
				CODE_SIGN_STYLE = Automatic;
				CURRENT_PROJECT_VERSION = 1;
				DEVELOPMENT_TEAM = 589CW2BWK2;
				ENABLE_BITCODE = NO;
				GENERATE_INFOPLIST_FILE = YES;
				INFOPLIST_FILE = SinchReferenceApp/Info.plist;
				INFOPLIST_KEY_CFBundleDisplayName = SinchReferenceApp;
				INFOPLIST_KEY_LSApplicationCategoryType = "public.app-category.social-networking";
				INFOPLIST_KEY_NSCameraUsageDescription = "Sinch Reference Application wants to use your camera to be able to make a video call.";
				INFOPLIST_KEY_NSMicrophoneUsageDescription = "Sinch Reference Application wants to use your microphone to be able to capture your voice in a call.";
				INFOPLIST_KEY_UIApplicationSupportsIndirectInputEvents = YES;
				INFOPLIST_KEY_UILaunchStoryboardName = LaunchScreen;
				INFOPLIST_KEY_UIMainStoryboardFile = Main;
				INFOPLIST_KEY_UISupportedInterfaceOrientations = UIInterfaceOrientationPortrait;
				INFOPLIST_KEY_UISupportedInterfaceOrientations_iPad = "UIInterfaceOrientationLandscapeLeft UIInterfaceOrientationLandscapeRight UIInterfaceOrientationPortrait UIInterfaceOrientationPortraitUpsideDown";
				INFOPLIST_KEY_UIUserInterfaceStyle = Light;
				IPHONEOS_DEPLOYMENT_TARGET = 13.0;
				LD_RUNPATH_SEARCH_PATHS = (
					"$(inherited)",
					"@executable_path/Frameworks",
				);
				MARKETING_VERSION = 1.0;
				PRODUCT_BUNDLE_IDENTIFIER = com.sinch.rtc.SinchCallKit;
				PRODUCT_NAME = "$(TARGET_NAME)";
				PROVISIONING_PROFILE_SPECIFIER = "";
				SUPPORTED_PLATFORMS = "iphoneos iphonesimulator";
				SUPPORTS_MACCATALYST = NO;
				SUPPORTS_MAC_DESIGNED_FOR_IPHONE_IPAD = NO;
				SWIFT_EMIT_LOC_STRINGS = YES;
				SWIFT_VERSION = 5.0;
				TARGETED_DEVICE_FAMILY = 1;
			};
			name = Release;
		};
/* End XCBuildConfiguration section */

/* Begin XCConfigurationList section */
		AEE9CD65299CD36E00F860C3 /* Build configuration list for PBXProject "SinchReferenceApp" */ = {
			isa = XCConfigurationList;
			buildConfigurations = (
				AEE9CD92299CD36F00F860C3 /* Debug */,
				AEE9CD93299CD36F00F860C3 /* Release */,
			);
			defaultConfigurationIsVisible = 0;
			defaultConfigurationName = Debug;
		};
		AEE9CD94299CD36F00F860C3 /* Build configuration list for PBXNativeTarget "SinchReferenceApp" */ = {
			isa = XCConfigurationList;
			buildConfigurations = (
				AEE9CD95299CD36F00F860C3 /* Debug */,
				AEE9CD96299CD36F00F860C3 /* Release */,
			);
			defaultConfigurationIsVisible = 0;
			defaultConfigurationName = Debug;
		};
/* End XCConfigurationList section */
	};
	rootObject = AEE9CD62299CD36E00F860C3 /* Project object */;
}
